PODS:
  - BlocksKit/Core (2.2.5)
  - Expecta (1.0.6)
  - "Expecta+Snapshots (3.1.1)":
    - Expecta (~> 1.0)
    - FBSnapshotTestCase/Core (~> 2.0)
    - Specta (~> 1.0)
  - FBSnapshotTestCase (2.1.4):
    - FBSnapshotTestCase/SwiftSupport (= 2.1.4)
  - FBSnapshotTestCase/Core (2.1.4)
  - FBSnapshotTestCase/SwiftSupport (2.1.4):
    - FBSnapshotTestCase/Core
  - JSONModel (1.7.0)
  - LRSEntranceSourceLoader (0.1.5):
    - LRSEntranceSourceLoader/Animation (= 0.1.5)
    - LRSEntranceSourceLoader/Extern (= 0.1.5)
    - LRSEntranceSourceLoader/Loader (= 0.1.5)
    - LRSEntranceSourceLoader/Mask (= 0.1.5)
  - LRSEntranceSourceLoader/Animation (0.1.5):
    - LRSEntranceSourceLoader/Mask
  - LRSEntranceSourceLoader/Extern (0.1.5):
    - SDWebImage (~> 5.0)
  - LRSEntranceSourceLoader/Loader (0.1.5):
    - BlocksKit/Core (~> 2.2.5)
    - JSONModel (~> 1.7.0)
    - LRSEntranceSourceLoader/Animation
    - LRSEntranceSourceLoader/Extern
    - Masonry (~> 1.1.0)
    - SDWebImage (~> 5.0)
  - LRSEntranceSourceLoader/Mask (0.1.5)
  - Masonry (1.1.0)
  - SDWebImage (5.11.1):
    - SDWebImage/Core (= 5.11.1)
  - SDWebImage/Core (5.11.1)
  - Specta (1.0.7)

DEPENDENCIES:
  - Expecta
  - "Expecta+Snapshots"
  - FBSnapshotTestCase
  - LRSEntranceSourceLoader (from `../`)
  - Specta

SPEC REPOS:
  trunk:
    - BlocksKit
    - Expecta
    - "Expecta+Snapshots"
    - FBSnapshotTestCase
    - JSONModel
    - Masonry
    - SDWebImage
    - Specta

EXTERNAL SOURCES:
  LRSEntranceSourceLoader:
    :path: "../"

SPEC CHECKSUMS:
  BlocksKit: 7f422b971407001178d181a43b99014ea2591fe6
  Expecta: 3b6bd90a64b9a1dcb0b70aa0e10a7f8f631667d5
  "Expecta+Snapshots": dcff217eef506dabd6dfdc7864ea2da321fafbb8
  FBSnapshotTestCase: 094f9f314decbabe373b87cc339bea235a63e07a
  JSONModel: 840bc0fcffb24b8454d2c026bf26fea454b8e98d
  LRSEntranceSourceLoader: c4bbe46fadcf24058f1cdffae557d23c6c90a022
  Masonry: 678fab65091a9290e40e2832a55e7ab731aad201
  SDWebImage: a7f831e1a65eb5e285e3fb046a23fcfbf08e696d
  Specta: 3e1bd89c3517421982dc4d1c992503e48bd5fe66

PODFILE CHECKSUM: 01b349f8610e49876a323a6fbbe4a9bf9ef75e57

COCOAPODS: 1.10.2
